{
  "version": "5",
  "specifiers": {
    "jsr:@hono/hono@^4.12.9": "4.12.9",
    "jsr:@libs/xml@^7.0.4": "7.0.4",
    "jsr:@std/cache@~0.2.2": "0.2.2"
  },
  "jsr": {
    "@hono/hono@4.12.9": {
      "integrity": "53c2b0a721c1d782e6a347ad5bf15a3235ff624b98859c21f779b7ee2f5e040e"
    },
    "@libs/xml@7.0.4": {
      "integrity": "eed219cf6258a0b28b60c094c89563a1cd63a023ac515517d6b74a99873d6c02"
    },
    "@std/cache@0.2.2": {
      "integrity": "4c8fb31c7553837b537f55e26c9c91b2784f9a8c64f43772a7884a059b04d46e"
    }
  },
  "workspace": {
    "dependencies": [
      "jsr:@hono/hono@^4.12.9",
      "jsr:@libs/xml@^7.0.4",
      "jsr:@std/cache@~0.2.2"
    ]
  }
}
